
Microsoft Visual Studio Solution File, Format Version 12.00
# Visual Studio Version 17
VisualStudioVersion = 17.7.34202.233
MinimumVisualStudioVersion = 10.0.40219.1
Project("{9A19103F-16F7-4668-BE54-9A1E7A4F7556}") = "APIDataProject", "APIDataProject.csproj", "{C2EBE4F9-57B5-46F9-B2D2-BDCDC06B9387}"
EndProject
Project("{9A19103F-16F7-4668-BE54-9A1E7A4F7556}") = "DatabaseProvider", "..\DatabaseProvider\DatabaseProvider.csproj", "{47DC5E4C-D85D-4754-9ECB-494B7E4BDD6F}"
EndProject
Global
	GlobalSection(SolutionConfigurationPlatforms) = preSolution
		Debug|Any CPU = Debug|Any CPU
		Release|Any CPU = Release|Any CPU
	EndGlobalSection
	GlobalSection(ProjectConfigurationPlatforms) = postSolution
		{C2EBE4F9-57B5-46F9-B2D2-BDCDC06B9387}.Debug|Any CPU.ActiveCfg = Debug|Any CPU
		{C2EBE4F9-57B5-46F9-B2D2-BDCDC06B9387}.Debug|Any CPU.Build.0 = Debug|Any CPU
		{C2EBE4F9-57B5-46F9-B2D2-BDCDC06B9387}.Release|Any CPU.ActiveCfg = Release|Any CPU
		{C2EBE4F9-57B5-46F9-B2D2-BDCDC06B9387}.Release|Any CPU.Build.0 = Release|Any CPU
		{47DC5E4C-D85D-4754-9ECB-494B7E4BDD6F}.Debug|Any CPU.ActiveCfg = Debug|Any CPU
		{47DC5E4C-D85D-4754-9ECB-494B7E4BDD6F}.Debug|Any CPU.Build.0 = Debug|Any CPU
		{47DC5E4C-D85D-4754-9ECB-494B7E4BDD6F}.Release|Any CPU.ActiveCfg = Release|Any CPU
		{47DC5E4C-D85D-4754-9ECB-494B7E4BDD6F}.Release|Any CPU.Build.0 = Release|Any CPU
	EndGlobalSection
	GlobalSection(SolutionProperties) = preSolution
		HideSolutionNode = FALSE
	EndGlobalSection
	GlobalSection(ExtensibilityGlobals) = postSolution
		SolutionGuid = {4BBDC4BB-CBE9-4DA4-99BE-CE8D9339B1BC}
	EndGlobalSection
EndGlobal
